<?xml version="1.0" encoding="utf-8"?>
<Project ToolsVersion="4.0" xmlns="http://schemas.microsoft.com/developer/msbuild/2003">
  <ItemGroup>
    <Filter Include="lib">
      <UniqueIdentifier>{131d7dbe-70dd-43a3-909a-4d4e2d71aa61}</UniqueIdentifier>
    </Filter>
    <Filter Include="app">
      <UniqueIdentifier>{4997e12b-b3b0-4a2d-b30b-5a581375b610}</UniqueIdentifier>
    </Filter>
  </ItemGroup>
  <ItemGroup>
    <ClInclude Include="tdp.h">
      <Filter>lib</Filter>
    </ClInclude>
    <ClInclude Include="tdp_array.h">
      <Filter>lib</Filter>
    </ClInclude>
    <ClInclude Include="tdp_ini.h">
      <Filter>lib</Filter>
    </ClInclude>
    <ClInclude Include="tdp_string.h">
      <Filter>lib</Filter>
    </ClInclude>
    <ClInclude Include="stdafx.h">
      <Filter>app</Filter>
    </ClInclude>
    <ClInclude Include="targetver.h">
      <Filter>app</Filter>
    </ClInclude>
  </ItemGroup>
  <ItemGroup>
    <ClCompile Include="tdp_array.c">
      <Filter>lib</Filter>
    </ClCompile>
    <ClCompile Include="tdp_ini.c">
      <Filter>lib</Filter>
    </ClCompile>
    <ClCompile Include="tdp_string.c">
      <Filter>lib</Filter>
    </ClCompile>
    <ClCompile Include="example.cpp">
      <Filter>app</Filter>
    </ClCompile>
    <ClCompile Include="stdafx.cpp">
      <Filter>app</Filter>
    </ClCompile>
    <ClCompile Include="test.cpp">
      <Filter>app</Filter>
    </ClCompile>
    <ClCompile Include="text_data_parser.cpp">
      <Filter>app</Filter>
    </ClCompile>
  </ItemGroup>
</Project>